
Microsoft Visual Studio Solution File, Format Version 12.00
# Visual Studio Version 17
VisualStudioVersion = 17.7.33711.374
MinimumVisualStudioVersion = 10.0.40219.1
Project("{9A19103F-16F7-4668-BE54-9A1E7A4F7556}") = "z018.EodHistoricalData", "z018.EodHistoricalData\z018.EodHistoricalData.csproj", "{73C6E95B-D642-4E41-A891-9B6A199FA430}"
EndProject
Project("{2150E333-8FDC-42A3-9474-1A3956D46DE8}") = "Solution Items", "Solution Items", "{D4591478-6965-4274-B2A6-66FA258DD990}"
	ProjectSection(SolutionItems) = preProject
		.gitignore = .gitignore
		DevEnvironment.md = DevEnvironment.md
		README.md = README.md
	EndProjectSection
EndProject
Project("{9A19103F-16F7-4668-BE54-9A1E7A4F7556}") = "TestConsoleApp", "TestConsoleApp\TestConsoleApp.csproj", "{0987DDBC-5465-429E-8F2B-E27EC705069C}"
EndProject
Project("{9A19103F-16F7-4668-BE54-9A1E7A4F7556}") = "z018.StockDb", "z018.StockDb\z018.StockDb.csproj", "{C48262E6-661D-494B-9F31-8FA98C87432F}"
EndProject
Project("{9A19103F-16F7-4668-BE54-9A1E7A4F7556}") = "z018.StockDb.Updater", "z018.StockDb.Updater\z018.StockDb.Updater.csproj", "{4510304F-DD2A-4771-8982-B48ECEF5645D}"
EndProject
Project("{FAE04EC0-301F-11D3-BF4B-00C04F79EFBC}") = "z018.EodHistoricalDataTests", "z018.EodHistoricalDataTests\z018.EodHistoricalDataTests.csproj", "{B499E75B-883B-4A99-9437-4900AF0AA8FC}"
EndProject
Global
	GlobalSection(SolutionConfigurationPlatforms) = preSolution
		Debug|Any CPU = Debug|Any CPU
		Release|Any CPU = Release|Any CPU
	EndGlobalSection
	GlobalSection(ProjectConfigurationPlatforms) = postSolution
		{73C6E95B-D642-4E41-A891-9B6A199FA430}.Debug|Any CPU.ActiveCfg = Debug|Any CPU
		{73C6E95B-D642-4E41-A891-9B6A199FA430}.Debug|Any CPU.Build.0 = Debug|Any CPU
		{73C6E95B-D642-4E41-A891-9B6A199FA430}.Release|Any CPU.ActiveCfg = Release|Any CPU
		{73C6E95B-D642-4E41-A891-9B6A199FA430}.Release|Any CPU.Build.0 = Release|Any CPU
		{0987DDBC-5465-429E-8F2B-E27EC705069C}.Debug|Any CPU.ActiveCfg = Debug|Any CPU
		{0987DDBC-5465-429E-8F2B-E27EC705069C}.Debug|Any CPU.Build.0 = Debug|Any CPU
		{0987DDBC-5465-429E-8F2B-E27EC705069C}.Release|Any CPU.ActiveCfg = Release|Any CPU
		{0987DDBC-5465-429E-8F2B-E27EC705069C}.Release|Any CPU.Build.0 = Release|Any CPU
		{C48262E6-661D-494B-9F31-8FA98C87432F}.Debug|Any CPU.ActiveCfg = Debug|Any CPU
		{C48262E6-661D-494B-9F31-8FA98C87432F}.Debug|Any CPU.Build.0 = Debug|Any CPU
		{C48262E6-661D-494B-9F31-8FA98C87432F}.Release|Any CPU.ActiveCfg = Release|Any CPU
		{C48262E6-661D-494B-9F31-8FA98C87432F}.Release|Any CPU.Build.0 = Release|Any CPU
		{4510304F-DD2A-4771-8982-B48ECEF5645D}.Debug|Any CPU.ActiveCfg = Debug|Any CPU
		{4510304F-DD2A-4771-8982-B48ECEF5645D}.Debug|Any CPU.Build.0 = Debug|Any CPU
		{4510304F-DD2A-4771-8982-B48ECEF5645D}.Release|Any CPU.ActiveCfg = Release|Any CPU
		{4510304F-DD2A-4771-8982-B48ECEF5645D}.Release|Any CPU.Build.0 = Release|Any CPU
		{B499E75B-883B-4A99-9437-4900AF0AA8FC}.Debug|Any CPU.ActiveCfg = Debug|Any CPU
		{B499E75B-883B-4A99-9437-4900AF0AA8FC}.Debug|Any CPU.Build.0 = Debug|Any CPU
		{B499E75B-883B-4A99-9437-4900AF0AA8FC}.Release|Any CPU.ActiveCfg = Release|Any CPU
		{B499E75B-883B-4A99-9437-4900AF0AA8FC}.Release|Any CPU.Build.0 = Release|Any CPU
	EndGlobalSection
	GlobalSection(SolutionProperties) = preSolution
		HideSolutionNode = FALSE
	EndGlobalSection
	GlobalSection(ExtensibilityGlobals) = postSolution
		SolutionGuid = {9AA83ACE-3FC4-4045-83C1-E54481C3B91C}
	EndGlobalSection
EndGlobal
